// !$*UTF8*$!
{
	archiveVersion = 1;
	classes = {
	};
	objectVersion = 46;
	objects = {

/* Begin PBXBuildFile section */
		69595CA5190F408400E2A4A2 /* NSData+RKBase64.m in Sources */ = {isa = PBXBuildFile; fileRef = 69595CA4190F408400E2A4A2 /* NSData+RKBase64.m */; };
		698A6C1E190F3F8B00FD5EB1 /* Foundation.framework in Frameworks */ = {isa = PBXBuildFile; fileRef = 698A6C1D190F3F8B00FD5EB1 /* Foundation.framework */; };
		698A6C23190F3F8B00FD5EB1 /* Rake.h in CopyFiles */ = {isa = PBXBuildFile; fileRef = 698A6C22190F3F8B00FD5EB1 /* Rake.h */; };
		698A6C25190F3F8B00FD5EB1 /* Rake.m in Sources */ = {isa = PBXBuildFile; fileRef = 698A6C24190F3F8B00FD5EB1 /* Rake.m */; };
		698A6C2C190F3F8C00FD5EB1 /* XCTest.framework in Frameworks */ = {isa = PBXBuildFile; fileRef = 698A6C2B190F3F8C00FD5EB1 /* XCTest.framework */; };
		698A6C2D190F3F8C00FD5EB1 /* Foundation.framework in Frameworks */ = {isa = PBXBuildFile; fileRef = 698A6C1D190F3F8B00FD5EB1 /* Foundation.framework */; };
		698A6C2F190F3F8C00FD5EB1 /* UIKit.framework in Frameworks */ = {isa = PBXBuildFile; fileRef = 698A6C2E190F3F8C00FD5EB1 /* UIKit.framework */; };
		698A6C32190F3F8C00FD5EB1 /* libRake.a in Frameworks */ = {isa = PBXBuildFile; fileRef = 698A6C1A190F3F8B00FD5EB1 /* libRake.a */; };
		698A6C38190F3F8C00FD5EB1 /* InfoPlist.strings in Resources */ = {isa = PBXBuildFile; fileRef = 698A6C36190F3F8C00FD5EB1 /* InfoPlist.strings */; };
		698A6C3A190F3F8C00FD5EB1 /* RakeTests.m in Sources */ = {isa = PBXBuildFile; fileRef = 698A6C39190F3F8C00FD5EB1 /* RakeTests.m */; };
/* End PBXBuildFile section */

/* Begin PBXContainerItemProxy section */
		698A6C30190F3F8C00FD5EB1 /* PBXContainerItemProxy */ = {
			isa = PBXContainerItemProxy;
			containerPortal = 698A6C12190F3F8B00FD5EB1 /* Project object */;
			proxyType = 1;
			remoteGlobalIDString = 698A6C19190F3F8B00FD5EB1;
			remoteInfo = Rake;
		};
/* End PBXContainerItemProxy section */

/* Begin PBXCopyFilesBuildPhase section */
		698A6C18190F3F8B00FD5EB1 /* CopyFiles */ = {
			isa = PBXCopyFilesBuildPhase;
			buildActionMask = 2147483647;
			dstPath = "include/$(PRODUCT_NAME)";
			dstSubfolderSpec = 16;
			files = (
				698A6C23190F3F8B00FD5EB1 /* Rake.h in CopyFiles */,
			);
			runOnlyForDeploymentPostprocessing = 0;
		};
/* End PBXCopyFilesBuildPhase section */

/* Begin PBXFileReference section */
		69595CA3190F408400E2A4A2 /* NSData+RKBase64.h */ = {isa = PBXFileReference; fileEncoding = 4; lastKnownFileType = sourcecode.c.h; path = "NSData+RKBase64.h"; sourceTree = "<group>"; };
		69595CA4190F408400E2A4A2 /* NSData+RKBase64.m */ = {isa = PBXFileReference; fileEncoding = 4; lastKnownFileType = sourcecode.c.objc; path = "NSData+RKBase64.m"; sourceTree = "<group>"; };
		69595CA6190F411000E2A4A2 /* CHANGES */ = {isa = PBXFileReference; lastKnownFileType = text; path = CHANGES; sourceTree = "<group>"; };
		69595CAB190F411000E2A4A2 /* index.html */ = {isa = PBXFileReference; lastKnownFileType = text.html.documentation; path = index.html; sourceTree = "<group>"; };
		69595CAC190F411000E2A4A2 /* toc.html */ = {isa = PBXFileReference; lastKnownFileType = text.html.documentation; path = toc.html; sourceTree = "<group>"; };
		69595CAE190F411000E2A4A2 /* index.html */ = {isa = PBXFileReference; lastKnownFileType = text.html.documentation; path = index.html; sourceTree = "<group>"; };
		69595CAF190F411000E2A4A2 /* toc.html */ = {isa = PBXFileReference; lastKnownFileType = text.html.documentation; path = toc.html; sourceTree = "<group>"; };
		69595CB0190F411000E2A4A2 /* index.html */ = {isa = PBXFileReference; lastKnownFileType = text.html.documentation; path = index.html; sourceTree = "<group>"; };
		69595CB3190F411000E2A4A2 /* index.html */ = {isa = PBXFileReference; lastKnownFileType = text.html.documentation; path = index.html; sourceTree = "<group>"; };
		69595CB4190F411000E2A4A2 /* toc.html */ = {isa = PBXFileReference; lastKnownFileType = text.html.documentation; path = toc.html; sourceTree = "<group>"; };
		69595CB5190F411000E2A4A2 /* toc.html */ = {isa = PBXFileReference; lastKnownFileType = text.html.documentation; path = toc.html; sourceTree = "<group>"; };
		69595CB7190F411000E2A4A2 /* copy.png */ = {isa = PBXFileReference; lastKnownFileType = image.png; path = copy.png; sourceTree = "<group>"; };
		69595CB8190F411000E2A4A2 /* project.png */ = {isa = PBXFileReference; lastKnownFileType = image.png; path = project.png; sourceTree = "<group>"; };
		69595CB9190F411000E2A4A2 /* fix_syntax.py */ = {isa = PBXFileReference; lastKnownFileType = text.script.python; path = fix_syntax.py; sourceTree = "<group>"; };
		69595CBA190F411000E2A4A2 /* LICENSE */ = {isa = PBXFileReference; lastKnownFileType = text; path = LICENSE; sourceTree = "<group>"; };
		69595CBB190F411000E2A4A2 /* Rake_Client.podspec */ = {isa = PBXFileReference; lastKnownFileType = text; path = Rake_Client.podspec; sourceTree = "<group>"; };
		698A6C1A190F3F8B00FD5EB1 /* libRake.a */ = {isa = PBXFileReference; explicitFileType = archive.ar; includeInIndex = 0; path = libRake.a; sourceTree = BUILT_PRODUCTS_DIR; };
		698A6C1D190F3F8B00FD5EB1 /* Foundation.framework */ = {isa = PBXFileReference; lastKnownFileType = wrapper.framework; name = Foundation.framework; path = System/Library/Frameworks/Foundation.framework; sourceTree = SDKROOT; };
		698A6C21190F3F8B00FD5EB1 /* Rake-Prefix.pch */ = {isa = PBXFileReference; lastKnownFileType = sourcecode.c.h; path = "Rake-Prefix.pch"; sourceTree = "<group>"; };
		698A6C22190F3F8B00FD5EB1 /* Rake.h */ = {isa = PBXFileReference; lastKnownFileType = sourcecode.c.h; path = Rake.h; sourceTree = "<group>"; };
		698A6C24190F3F8B00FD5EB1 /* Rake.m */ = {isa = PBXFileReference; lastKnownFileType = sourcecode.c.objc; path = Rake.m; sourceTree = "<group>"; };
		698A6C2A190F3F8C00FD5EB1 /* RakeTests.xctest */ = {isa = PBXFileReference; explicitFileType = wrapper.cfbundle; includeInIndex = 0; path = RakeTests.xctest; sourceTree = BUILT_PRODUCTS_DIR; };
		698A6C2B190F3F8C00FD5EB1 /* XCTest.framework */ = {isa = PBXFileReference; lastKnownFileType = wrapper.framework; name = XCTest.framework; path = Library/Frameworks/XCTest.framework; sourceTree = DEVELOPER_DIR; };
		698A6C2E190F3F8C00FD5EB1 /* UIKit.framework */ = {isa = PBXFileReference; lastKnownFileType = wrapper.framework; name = UIKit.framework; path = Library/Frameworks/UIKit.framework; sourceTree = DEVELOPER_DIR; };
		698A6C35190F3F8C00FD5EB1 /* RakeTests-Info.plist */ = {isa = PBXFileReference; lastKnownFileType = text.plist.xml; path = "RakeTests-Info.plist"; sourceTree = "<group>"; };
		698A6C37190F3F8C00FD5EB1 /* en */ = {isa = PBXFileReference; lastKnownFileType = text.plist.strings; name = en; path = en.lproj/InfoPlist.strings; sourceTree = "<group>"; };
		698A6C39190F3F8C00FD5EB1 /* RakeTests.m */ = {isa = PBXFileReference; lastKnownFileType = sourcecode.c.objc; path = RakeTests.m; sourceTree = "<group>"; };
/* End PBXFileReference section */

/* Begin PBXFrameworksBuildPhase section */
		698A6C17190F3F8B00FD5EB1 /* Frameworks */ = {
			isa = PBXFrameworksBuildPhase;
			buildActionMask = 2147483647;
			files = (
				698A6C1E190F3F8B00FD5EB1 /* Foundation.framework in Frameworks */,
			);
			runOnlyForDeploymentPostprocessing = 0;
		};
		698A6C27190F3F8C00FD5EB1 /* Frameworks */ = {
			isa = PBXFrameworksBuildPhase;
			buildActionMask = 2147483647;
			files = (
				698A6C2C190F3F8C00FD5EB1 /* XCTest.framework in Frameworks */,
				698A6C2F190F3F8C00FD5EB1 /* UIKit.framework in Frameworks */,
				698A6C32190F3F8C00FD5EB1 /* libRake.a in Frameworks */,
				698A6C2D190F3F8C00FD5EB1 /* Foundation.framework in Frameworks */,
			);
			runOnlyForDeploymentPostprocessing = 0;
		};
/* End PBXFrameworksBuildPhase section */

/* Begin PBXGroup section */
		69595CA7190F411000E2A4A2 /* Docs */ = {
			isa = PBXGroup;
			children = (
				69595CA8190F411000E2A4A2 /* HeaderDoc */,
				69595CB6190F411000E2A4A2 /* Images */,
			);
			path = Docs;
			sourceTree = "<group>";
		};
		69595CA8190F411000E2A4A2 /* HeaderDoc */ = {
			isa = PBXGroup;
			children = (
				69595CA9190F411000E2A4A2 /* Classes */,
				69595CB0190F411000E2A4A2 /* index.html */,
				69595CB1190F411000E2A4A2 /* Protocols */,
				69595CB5190F411000E2A4A2 /* toc.html */,
			);
			path = HeaderDoc;
			sourceTree = "<group>";
		};
		69595CA9190F411000E2A4A2 /* Classes */ = {
			isa = PBXGroup;
			children = (
				69595CAA190F411000E2A4A2 /* Mixpanel */,
				69595CAD190F411000E2A4A2 /* MixpanelPeople */,
			);
			path = Classes;
			sourceTree = "<group>";
		};
		69595CAA190F411000E2A4A2 /* Mixpanel */ = {
			isa = PBXGroup;
			children = (
				69595CAB190F411000E2A4A2 /* index.html */,
				69595CAC190F411000E2A4A2 /* toc.html */,
			);
			path = Mixpanel;
			sourceTree = "<group>";
		};
		69595CAD190F411000E2A4A2 /* MixpanelPeople */ = {
			isa = PBXGroup;
			children = (
				69595CAE190F411000E2A4A2 /* index.html */,
				69595CAF190F411000E2A4A2 /* toc.html */,
			);
			path = MixpanelPeople;
			sourceTree = "<group>";
		};
		69595CB1190F411000E2A4A2 /* Protocols */ = {
			isa = PBXGroup;
			children = (
				69595CB2190F411000E2A4A2 /* MixpanelDelegate */,
			);
			path = Protocols;
			sourceTree = "<group>";
		};
		69595CB2190F411000E2A4A2 /* MixpanelDelegate */ = {
			isa = PBXGroup;
			children = (
				69595CB3190F411000E2A4A2 /* index.html */,
				69595CB4190F411000E2A4A2 /* toc.html */,
			);
			path = MixpanelDelegate;
			sourceTree = "<group>";
		};
		69595CB6190F411000E2A4A2 /* Images */ = {
			isa = PBXGroup;
			children = (
				69595CB7190F411000E2A4A2 /* copy.png */,
				69595CB8190F411000E2A4A2 /* project.png */,
			);
			path = Images;
			sourceTree = "<group>";
		};
		698A6C11190F3F8B00FD5EB1 = {
			isa = PBXGroup;
			children = (
				69595CA6190F411000E2A4A2 /* CHANGES */,
				69595CA7190F411000E2A4A2 /* Docs */,
				69595CB9190F411000E2A4A2 /* fix_syntax.py */,
				69595CBA190F411000E2A4A2 /* LICENSE */,
				69595CBB190F411000E2A4A2 /* Rake_Client.podspec */,
				698A6C1F190F3F8B00FD5EB1 /* Rake */,
				698A6C33190F3F8C00FD5EB1 /* RakeTests */,
				698A6C1C190F3F8B00FD5EB1 /* Frameworks */,
				698A6C1B190F3F8B00FD5EB1 /* Products */,
			);
			sourceTree = "<group>";
		};
		698A6C1B190F3F8B00FD5EB1 /* Products */ = {
			isa = PBXGroup;
			children = (
				698A6C1A190F3F8B00FD5EB1 /* libRake.a */,
				698A6C2A190F3F8C00FD5EB1 /* RakeTests.xctest */,
			);
			name = Products;
			sourceTree = "<group>";
		};
		698A6C1C190F3F8B00FD5EB1 /* Frameworks */ = {
			isa = PBXGroup;
			children = (
				698A6C1D190F3F8B00FD5EB1 /* Foundation.framework */,
				698A6C2B190F3F8C00FD5EB1 /* XCTest.framework */,
				698A6C2E190F3F8C00FD5EB1 /* UIKit.framework */,
			);
			name = Frameworks;
			sourceTree = "<group>";
		};
		698A6C1F190F3F8B00FD5EB1 /* Rake */ = {
			isa = PBXGroup;
			children = (
				698A6C22190F3F8B00FD5EB1 /* Rake.h */,
				698A6C24190F3F8B00FD5EB1 /* Rake.m */,
				698A6C20190F3F8B00FD5EB1 /* Supporting Files */,
				69595CA3190F408400E2A4A2 /* NSData+RKBase64.h */,
				69595CA4190F408400E2A4A2 /* NSData+RKBase64.m */,
			);
			path = Rake;
			sourceTree = "<group>";
		};
		698A6C20190F3F8B00FD5EB1 /* Supporting Files */ = {
			isa = PBXGroup;
			children = (
				698A6C21190F3F8B00FD5EB1 /* Rake-Prefix.pch */,
			);
			name = "Supporting Files";
			sourceTree = "<group>";
		};
		698A6C33190F3F8C00FD5EB1 /* RakeTests */ = {
			isa = PBXGroup;
			children = (
				698A6C39190F3F8C00FD5EB1 /* RakeTests.m */,
				698A6C34190F3F8C00FD5EB1 /* Supporting Files */,
			);
			path = RakeTests;
			sourceTree = "<group>";
		};
		698A6C34190F3F8C00FD5EB1 /* Supporting Files */ = {
			isa = PBXGroup;
			children = (
				698A6C35190F3F8C00FD5EB1 /* RakeTests-Info.plist */,
				698A6C36190F3F8C00FD5EB1 /* InfoPlist.strings */,
			);
			name = "Supporting Files";
			sourceTree = "<group>";
		};
/* End PBXGroup section */

/* Begin PBXNativeTarget section */
		698A6C19190F3F8B00FD5EB1 /* Rake */ = {
			isa = PBXNativeTarget;
			buildConfigurationList = 698A6C3D190F3F8C00FD5EB1 /* Build configuration list for PBXNativeTarget "Rake" */;
			buildPhases = (
				698A6C16190F3F8B00FD5EB1 /* Sources */,
				698A6C17190F3F8B00FD5EB1 /* Frameworks */,
				698A6C18190F3F8B00FD5EB1 /* CopyFiles */,
			);
			buildRules = (
			);
			dependencies = (
			);
			name = Rake;
			productName = Rake;
			productReference = 698A6C1A190F3F8B00FD5EB1 /* libRake.a */;
			productType = "com.apple.product-type.library.static";
		};
		698A6C29190F3F8C00FD5EB1 /* RakeTests */ = {
			isa = PBXNativeTarget;
			buildConfigurationList = 698A6C40190F3F8C00FD5EB1 /* Build configuration list for PBXNativeTarget "RakeTests" */;
			buildPhases = (
				698A6C26190F3F8C00FD5EB1 /* Sources */,
				698A6C27190F3F8C00FD5EB1 /* Frameworks */,
				698A6C28190F3F8C00FD5EB1 /* Resources */,
			);
			buildRules = (
			);
			dependencies = (
				698A6C31190F3F8C00FD5EB1 /* PBXTargetDependency */,
			);
			name = RakeTests;
			productName = RakeTests;
			productReference = 698A6C2A190F3F8C00FD5EB1 /* RakeTests.xctest */;
			productType = "com.apple.product-type.bundle.unit-test";
		};
/* End PBXNativeTarget section */

/* Begin PBXProject section */
		698A6C12190F3F8B00FD5EB1 /* Project object */ = {
			isa = PBXProject;
			attributes = {
				LastUpgradeCheck = 0510;
				ORGANIZATIONNAME = DI;
			};
			buildConfigurationList = 698A6C15190F3F8B00FD5EB1 /* Build configuration list for PBXProject "Rake" */;
			compatibilityVersion = "Xcode 3.2";
			developmentRegion = English;
			hasScannedForEncodings = 0;
			knownRegions = (
				en,
			);
			mainGroup = 698A6C11190F3F8B00FD5EB1;
			productRefGroup = 698A6C1B190F3F8B00FD5EB1 /* Products */;
			projectDirPath = "";
			projectRoot = "";
			targets = (
				698A6C19190F3F8B00FD5EB1 /* Rake */,
				698A6C29190F3F8C00FD5EB1 /* RakeTests */,
			);
		};
/* End PBXProject section */

/* Begin PBXResourcesBuildPhase section */
		698A6C28190F3F8C00FD5EB1 /* Resources */ = {
			isa = PBXResourcesBuildPhase;
			buildActionMask = 2147483647;
			files = (
				698A6C38190F3F8C00FD5EB1 /* InfoPlist.strings in Resources */,
			);
			runOnlyForDeploymentPostprocessing = 0;
		};
/* End PBXResourcesBuildPhase section */

/* Begin PBXSourcesBuildPhase section */
		698A6C16190F3F8B00FD5EB1 /* Sources */ = {
			isa = PBXSourcesBuildPhase;
			buildActionMask = 2147483647;
			files = (
				69595CA5190F408400E2A4A2 /* NSData+RKBase64.m in Sources */,
				698A6C25190F3F8B00FD5EB1 /* Rake.m in Sources */,
			);
			runOnlyForDeploymentPostprocessing = 0;
		};
		698A6C26190F3F8C00FD5EB1 /* Sources */ = {
			isa = PBXSourcesBuildPhase;
			buildActionMask = 2147483647;
			files = (
				698A6C3A190F3F8C00FD5EB1 /* RakeTests.m in Sources */,
			);
			runOnlyForDeploymentPostprocessing = 0;
		};
/* End PBXSourcesBuildPhase section */

/* Begin PBXTargetDependency section */
		698A6C31190F3F8C00FD5EB1 /* PBXTargetDependency */ = {
			isa = PBXTargetDependency;
			target = 698A6C19190F3F8B00FD5EB1 /* Rake */;
			targetProxy = 698A6C30190F3F8C00FD5EB1 /* PBXContainerItemProxy */;
		};
/* End PBXTargetDependency section */

/* Begin PBXVariantGroup section */
		698A6C36190F3F8C00FD5EB1 /* InfoPlist.strings */ = {
			isa = PBXVariantGroup;
			children = (
				698A6C37190F3F8C00FD5EB1 /* en */,
			);
			name = InfoPlist.strings;
			sourceTree = "<group>";
		};
/* End PBXVariantGroup section */

/* Begin XCBuildConfiguration section */
		698A6C3B190F3F8C00FD5EB1 /* Debug */ = {
			isa = XCBuildConfiguration;
			buildSettings = {
				ALWAYS_SEARCH_USER_PATHS = NO;
				CLANG_CXX_LANGUAGE_STANDARD = "gnu++0x";
				CLANG_CXX_LIBRARY = "libc++";
				CLANG_ENABLE_MODULES = YES;
				CLANG_ENABLE_OBJC_ARC = YES;
				CLANG_WARN_BOOL_CONVERSION = YES;
				CLANG_WARN_CONSTANT_CONVERSION = YES;
				CLANG_WARN_DIRECT_OBJC_ISA_USAGE = YES_ERROR;
				CLANG_WARN_EMPTY_BODY = YES;
				CLANG_WARN_ENUM_CONVERSION = YES;
				CLANG_WARN_INT_CONVERSION = YES;
				CLANG_WARN_OBJC_ROOT_CLASS = YES_ERROR;
				CLANG_WARN__DUPLICATE_METHOD_MATCH = YES;
				COPY_PHASE_STRIP = NO;
				GCC_C_LANGUAGE_STANDARD = gnu99;
				GCC_DYNAMIC_NO_PIC = NO;
				GCC_OPTIMIZATION_LEVEL = 0;
				GCC_PREPROCESSOR_DEFINITIONS = (
					"DEBUG=1",
					"$(inherited)",
				);
				GCC_SYMBOLS_PRIVATE_EXTERN = NO;
				GCC_WARN_64_TO_32_BIT_CONVERSION = YES;
				GCC_WARN_ABOUT_RETURN_TYPE = YES_ERROR;
				GCC_WARN_UNDECLARED_SELECTOR = YES;
				GCC_WARN_UNINITIALIZED_AUTOS = YES_AGGRESSIVE;
				GCC_WARN_UNUSED_FUNCTION = YES;
				GCC_WARN_UNUSED_VARIABLE = YES;
				IPHONEOS_DEPLOYMENT_TARGET = 7.1;
				ONLY_ACTIVE_ARCH = YES;
				SDKROOT = iphoneos;
			};
			name = Debug;
		};
		698A6C3C190F3F8C00FD5EB1 /* Release */ = {
			isa = XCBuildConfiguration;
			buildSettings = {
				ALWAYS_SEARCH_USER_PATHS = NO;
				CLANG_CXX_LANGUAGE_STANDARD = "gnu++0x";
				CLANG_CXX_LIBRARY = "libc++";
				CLANG_ENABLE_MODULES = YES;
				CLANG_ENABLE_OBJC_ARC = YES;
				CLANG_WARN_BOOL_CONVERSION = YES;
				CLANG_WARN_CONSTANT_CONVERSION = YES;
				CLANG_WARN_DIRECT_OBJC_ISA_USAGE = YES_ERROR;
				CLANG_WARN_EMPTY_BODY = YES;
				CLANG_WARN_ENUM_CONVERSION = YES;
				CLANG_WARN_INT_CONVERSION = YES;
				CLANG_WARN_OBJC_ROOT_CLASS = YES_ERROR;
				CLANG_WARN__DUPLICATE_METHOD_MATCH = YES;
				COPY_PHASE_STRIP = YES;
				ENABLE_NS_ASSERTIONS = NO;
				GCC_C_LANGUAGE_STANDARD = gnu99;
				GCC_WARN_64_TO_32_BIT_CONVERSION = YES;
				GCC_WARN_ABOUT_RETURN_TYPE = YES_ERROR;
				GCC_WARN_UNDECLARED_SELECTOR = YES;
				GCC_WARN_UNINITIALIZED_AUTOS = YES_AGGRESSIVE;
				GCC_WARN_UNUSED_FUNCTION = YES;
				GCC_WARN_UNUSED_VARIABLE = YES;
				IPHONEOS_DEPLOYMENT_TARGET = 7.1;
				SDKROOT = iphoneos;
				VALIDATE_PRODUCT = YES;
			};
			name = Release;
		};
		698A6C3E190F3F8C00FD5EB1 /* Debug */ = {
			isa = XCBuildConfiguration;
			buildSettings = {
				DSTROOT = /tmp/Rake.dst;
				GCC_PRECOMPILE_PREFIX_HEADER = YES;
				GCC_PREFIX_HEADER = "Rake/Rake-Prefix.pch";
				OTHER_LDFLAGS = "-ObjC";
				PRODUCT_NAME = "$(TARGET_NAME)";
				SKIP_INSTALL = YES;
			};
			name = Debug;
		};
		698A6C3F190F3F8C00FD5EB1 /* Release */ = {
			isa = XCBuildConfiguration;
			buildSettings = {
				DSTROOT = /tmp/Rake.dst;
				GCC_PRECOMPILE_PREFIX_HEADER = YES;
				GCC_PREFIX_HEADER = "Rake/Rake-Prefix.pch";
				OTHER_LDFLAGS = "-ObjC";
				PRODUCT_NAME = "$(TARGET_NAME)";
				SKIP_INSTALL = YES;
			};
			name = Release;
		};
		698A6C41190F3F8C00FD5EB1 /* Debug */ = {
			isa = XCBuildConfiguration;
			buildSettings = {
				FRAMEWORK_SEARCH_PATHS = (
					"$(SDKROOT)/Developer/Library/Frameworks",
					"$(inherited)",
					"$(DEVELOPER_FRAMEWORKS_DIR)",
				);
				GCC_PRECOMPILE_PREFIX_HEADER = YES;
				GCC_PREFIX_HEADER = "Rake/Rake-Prefix.pch";
				GCC_PREPROCESSOR_DEFINITIONS = (
					"DEBUG=1",
					"$(inherited)",
				);
				INFOPLIST_FILE = "RakeTests/RakeTests-Info.plist";
				PRODUCT_NAME = "$(TARGET_NAME)";
				WRAPPER_EXTENSION = xctest;
			};
			name = Debug;
		};
		698A6C42190F3F8C00FD5EB1 /* Release */ = {
			isa = XCBuildConfiguration;
			buildSettings = {
				FRAMEWORK_SEARCH_PATHS = (
					"$(SDKROOT)/Developer/Library/Frameworks",
					"$(inherited)",
					"$(DEVELOPER_FRAMEWORKS_DIR)",
				);
				GCC_PRECOMPILE_PREFIX_HEADER = YES;
				GCC_PREFIX_HEADER = "Rake/Rake-Prefix.pch";
				INFOPLIST_FILE = "RakeTests/RakeTests-Info.plist";
				PRODUCT_NAME = "$(TARGET_NAME)";
				WRAPPER_EXTENSION = xctest;
			};
			name = Release;
		};
/* End XCBuildConfiguration section */

/* Begin XCConfigurationList section */
		698A6C15190F3F8B00FD5EB1 /* Build configuration list for PBXProject "Rake" */ = {
			isa = XCConfigurationList;
			buildConfigurations = (
				698A6C3B190F3F8C00FD5EB1 /* Debug */,
				698A6C3C190F3F8C00FD5EB1 /* Release */,
			);
			defaultConfigurationIsVisible = 0;
			defaultConfigurationName = Release;
		};
		698A6C3D190F3F8C00FD5EB1 /* Build configuration list for PBXNativeTarget "Rake" */ = {
			isa = XCConfigurationList;
			buildConfigurations = (
				698A6C3E190F3F8C00FD5EB1 /* Debug */,
				698A6C3F190F3F8C00FD5EB1 /* Release */,
			);
			defaultConfigurationIsVisible = 0;
			defaultConfigurationName = Release;
		};
		698A6C40190F3F8C00FD5EB1 /* Build configuration list for PBXNativeTarget "RakeTests" */ = {
			isa = XCConfigurationList;
			buildConfigurations = (
				698A6C41190F3F8C00FD5EB1 /* Debug */,
				698A6C42190F3F8C00FD5EB1 /* Release */,
			);
			defaultConfigurationIsVisible = 0;
			defaultConfigurationName = Release;
		};
/* End XCConfigurationList section */
	};
	rootObject = 698A6C12190F3F8B00FD5EB1 /* Project object */;
}
